
Microsoft Visual Studio Solution File, Format Version 12.00
# Visual Studio Version 16
VisualStudioVersion = 16.0.30413.136
MinimumVisualStudioVersion = 10.0.40219.1
Project("{FAE04EC0-301F-11D3-BF4B-00C04F79EFBC}") = "trial2 mvc", "trial2 mvc.csproj", "{8827F0A8-E455-475B-ACBA-936B7EE96DE1}"
EndProject
Global
	GlobalSection(SolutionConfigurationPlatforms) = preSolution
		Debug|Any CPU = Debug|Any CPU
		Release|Any CPU = Release|Any CPU
	EndGlobalSection
	GlobalSection(ProjectConfigurationPlatforms) = postSolution
		{8827F0A8-E455-475B-ACBA-936B7EE96DE1}.Debug|Any CPU.ActiveCfg = Debug|Any CPU
		{8827F0A8-E455-475B-ACBA-936B7EE96DE1}.Debug|Any CPU.Build.0 = Debug|Any CPU
		{8827F0A8-E455-475B-ACBA-936B7EE96DE1}.Release|Any CPU.ActiveCfg = Release|Any CPU
		{8827F0A8-E455-475B-ACBA-936B7EE96DE1}.Release|Any CPU.Build.0 = Release|Any CPU
	EndGlobalSection
	GlobalSection(SolutionProperties) = preSolution
		HideSolutionNode = FALSE
	EndGlobalSection
	GlobalSection(ExtensibilityGlobals) = postSolution
		SolutionGuid = {FC1F4B39-BD7B-47C3-AB34-763A0108BA48}
	EndGlobalSection
EndGlobal
